
Microsoft Visual Studio Solution File, Format Version 12.00
# Visual Studio Version 17
VisualStudioVersion = 17.12.35527.113
MinimumVisualStudioVersion = 10.0.40219.1
Project("{2150E333-8FDC-42A3-9474-1A3956D46DE8}") = "src", "src", "{81631840-D3DF-4FA1-B88D-87BB1B4B6B4D}"
EndProject
Project("{2150E333-8FDC-42A3-9474-1A3956D46DE8}") = "Api", "Api", "{1571515C-8678-457F-9BB7-CBA4CCA967E3}"
EndProject
Project("{2150E333-8FDC-42A3-9474-1A3956D46DE8}") = "Core", "Core", "{128DB046-5E99-4246-8F0C-3437FB67CDA7}"
EndProject
Project("{2150E333-8FDC-42A3-9474-1A3956D46DE8}") = "Infrastructure", "Infrastructure", "{E948E950-3195-4228-8D71-A30A37F7AAAD}"
EndProject
Project("{FAE04EC0-301F-11D3-BF4B-00C04F79EFBC}") = "Mo_Api_Talabat", "Mo_Api_Talabat\Mo_Api_Talabat.csproj", "{5DD5F3AB-9DEB-4487-82E8-2DDB9B9CB9DC}"
EndProject
Project("{FAE04EC0-301F-11D3-BF4B-00C04F79EFBC}") = "Mo_Talabat_Core_Application", "Mo_Talabat_Application\Mo_Talabat_Core_Application.csproj", "{F7BE3183-C1C3-4FFE-92AA-3E719758A37A}"
EndProject
Project("{FAE04EC0-301F-11D3-BF4B-00C04F79EFBC}") = "Mo_Talabat_Core_Application_Abstractions", "Mo_Talabat_Application_Abstractions\Mo_Talabat_Core_Application_Abstractions.csproj", "{F9FBB62F-2900-4BAF-BC8B-7A337E7A742C}"
EndProject
Project("{FAE04EC0-301F-11D3-BF4B-00C04F79EFBC}") = "Mo_Talabat_Core_Domain", "Mo_Talabat_Core_Domain\Mo_Talabat_Core_Domain.csproj", "{7A38D1B0-BF7A-4AA6-A02B-915B1A58924E}"
EndProject
Project("{FAE04EC0-301F-11D3-BF4B-00C04F79EFBC}") = "Mo_Talabat_Infrastructure_presistence", "Mo_Talabat_Infrastructure_presistence\Mo_Talabat_Infrastructure_presistence.csproj", "{45E73D79-4DD2-4203-83BC-09EEFD323F97}"
EndProject
Project("{FAE04EC0-301F-11D3-BF4B-00C04F79EFBC}") = "Mo_Api_Talabat_Controllers", "Mo_Api_Talabat_Controllers\Mo_Api_Talabat_Controllers.csproj", "{EE9A35CC-9CB1-47BE-975E-982EB9A086DB}"
EndProject
Project("{FAE04EC0-301F-11D3-BF4B-00C04F79EFBC}") = "Share", "Share\Share.csproj", "{B85B72BD-5AAE-452F-B384-6C70BC5E4C49}"
EndProject
Global
	GlobalSection(SolutionConfigurationPlatforms) = preSolution
		Debug|Any CPU = Debug|Any CPU
		Debug|x64 = Debug|x64
		Debug|x86 = Debug|x86
		Release|Any CPU = Release|Any CPU
		Release|x64 = Release|x64
		Release|x86 = Release|x86
	EndGlobalSection
	GlobalSection(ProjectConfigurationPlatforms) = postSolution
		{5DD5F3AB-9DEB-4487-82E8-2DDB9B9CB9DC}.Debug|Any CPU.ActiveCfg = Debug|Any CPU
		{5DD5F3AB-9DEB-4487-82E8-2DDB9B9CB9DC}.Debug|Any CPU.Build.0 = Debug|Any CPU
		{5DD5F3AB-9DEB-4487-82E8-2DDB9B9CB9DC}.Debug|x64.ActiveCfg = Debug|Any CPU
		{5DD5F3AB-9DEB-4487-82E8-2DDB9B9CB9DC}.Debug|x64.Build.0 = Debug|Any CPU
		{5DD5F3AB-9DEB-4487-82E8-2DDB9B9CB9DC}.Debug|x86.ActiveCfg = Debug|Any CPU
		{5DD5F3AB-9DEB-4487-82E8-2DDB9B9CB9DC}.Debug|x86.Build.0 = Debug|Any CPU
		{5DD5F3AB-9DEB-4487-82E8-2DDB9B9CB9DC}.Release|Any CPU.ActiveCfg = Release|Any CPU
		{5DD5F3AB-9DEB-4487-82E8-2DDB9B9CB9DC}.Release|Any CPU.Build.0 = Release|Any CPU
		{5DD5F3AB-9DEB-4487-82E8-2DDB9B9CB9DC}.Release|x64.ActiveCfg = Release|Any CPU
		{5DD5F3AB-9DEB-4487-82E8-2DDB9B9CB9DC}.Release|x64.Build.0 = Release|Any CPU
		{5DD5F3AB-9DEB-4487-82E8-2DDB9B9CB9DC}.Release|x86.ActiveCfg = Release|Any CPU
		{5DD5F3AB-9DEB-4487-82E8-2DDB9B9CB9DC}.Release|x86.Build.0 = Release|Any CPU
		{F7BE3183-C1C3-4FFE-92AA-3E719758A37A}.Debug|Any CPU.ActiveCfg = Debug|Any CPU
		{F7BE3183-C1C3-4FFE-92AA-3E719758A37A}.Debug|Any CPU.Build.0 = Debug|Any CPU
		{F7BE3183-C1C3-4FFE-92AA-3E719758A37A}.Debug|x64.ActiveCfg = Debug|Any CPU
		{F7BE3183-C1C3-4FFE-92AA-3E719758A37A}.Debug|x64.Build.0 = Debug|Any CPU
		{F7BE3183-C1C3-4FFE-92AA-3E719758A37A}.Debug|x86.ActiveCfg = Debug|Any CPU
		{F7BE3183-C1C3-4FFE-92AA-3E719758A37A}.Debug|x86.Build.0 = Debug|Any CPU
		{F7BE3183-C1C3-4FFE-92AA-3E719758A37A}.Release|Any CPU.ActiveCfg = Release|Any CPU
		{F7BE3183-C1C3-4FFE-92AA-3E719758A37A}.Release|Any CPU.Build.0 = Release|Any CPU
		{F7BE3183-C1C3-4FFE-92AA-3E719758A37A}.Release|x64.ActiveCfg = Release|Any CPU
		{F7BE3183-C1C3-4FFE-92AA-3E719758A37A}.Release|x64.Build.0 = Release|Any CPU
		{F7BE3183-C1C3-4FFE-92AA-3E719758A37A}.Release|x86.ActiveCfg = Release|Any CPU
		{F7BE3183-C1C3-4FFE-92AA-3E719758A37A}.Release|x86.Build.0 = Release|Any CPU
		{F9FBB62F-2900-4BAF-BC8B-7A337E7A742C}.Debug|Any CPU.ActiveCfg = Debug|Any CPU
		{F9FBB62F-2900-4BAF-BC8B-7A337E7A742C}.Debug|Any CPU.Build.0 = Debug|Any CPU
		{F9FBB62F-2900-4BAF-BC8B-7A337E7A742C}.Debug|x64.ActiveCfg = Debug|Any CPU
		{F9FBB62F-2900-4BAF-BC8B-7A337E7A742C}.Debug|x64.Build.0 = Debug|Any CPU
		{F9FBB62F-2900-4BAF-BC8B-7A337E7A742C}.Debug|x86.ActiveCfg = Debug|Any CPU
		{F9FBB62F-2900-4BAF-BC8B-7A337E7A742C}.Debug|x86.Build.0 = Debug|Any CPU
		{F9FBB62F-2900-4BAF-BC8B-7A337E7A742C}.Release|Any CPU.ActiveCfg = Release|Any CPU
		{F9FBB62F-2900-4BAF-BC8B-7A337E7A742C}.Release|Any CPU.Build.0 = Release|Any CPU
		{F9FBB62F-2900-4BAF-BC8B-7A337E7A742C}.Release|x64.ActiveCfg = Release|Any CPU
		{F9FBB62F-2900-4BAF-BC8B-7A337E7A742C}.Release|x64.Build.0 = Release|Any CPU
		{F9FBB62F-2900-4BAF-BC8B-7A337E7A742C}.Release|x86.ActiveCfg = Release|Any CPU
		{F9FBB62F-2900-4BAF-BC8B-7A337E7A742C}.Release|x86.Build.0 = Release|Any CPU
		{7A38D1B0-BF7A-4AA6-A02B-915B1A58924E}.Debug|Any CPU.ActiveCfg = Debug|Any CPU
		{7A38D1B0-BF7A-4AA6-A02B-915B1A58924E}.Debug|Any CPU.Build.0 = Debug|Any CPU
		{7A38D1B0-BF7A-4AA6-A02B-915B1A58924E}.Debug|x64.ActiveCfg = Debug|Any CPU
		{7A38D1B0-BF7A-4AA6-A02B-915B1A58924E}.Debug|x64.Build.0 = Debug|Any CPU
		{7A38D1B0-BF7A-4AA6-A02B-915B1A58924E}.Debug|x86.ActiveCfg = Debug|Any CPU
		{7A38D1B0-BF7A-4AA6-A02B-915B1A58924E}.Debug|x86.Build.0 = Debug|Any CPU
		{7A38D1B0-BF7A-4AA6-A02B-915B1A58924E}.Release|Any CPU.ActiveCfg = Release|Any CPU
		{7A38D1B0-BF7A-4AA6-A02B-915B1A58924E}.Release|Any CPU.Build.0 = Release|Any CPU
		{7A38D1B0-BF7A-4AA6-A02B-915B1A58924E}.Release|x64.ActiveCfg = Release|Any CPU
		{7A38D1B0-BF7A-4AA6-A02B-915B1A58924E}.Release|x64.Build.0 = Release|Any CPU
		{7A38D1B0-BF7A-4AA6-A02B-915B1A58924E}.Release|x86.ActiveCfg = Release|Any CPU
		{7A38D1B0-BF7A-4AA6-A02B-915B1A58924E}.Release|x86.Build.0 = Release|Any CPU
		{45E73D79-4DD2-4203-83BC-09EEFD323F97}.Debug|Any CPU.ActiveCfg = Debug|Any CPU
		{45E73D79-4DD2-4203-83BC-09EEFD323F97}.Debug|Any CPU.Build.0 = Debug|Any CPU
		{45E73D79-4DD2-4203-83BC-09EEFD323F97}.Debug|x64.ActiveCfg = Debug|Any CPU
		{45E73D79-4DD2-4203-83BC-09EEFD323F97}.Debug|x64.Build.0 = Debug|Any CPU
		{45E73D79-4DD2-4203-83BC-09EEFD323F97}.Debug|x86.ActiveCfg = Debug|Any CPU
		{45E73D79-4DD2-4203-83BC-09EEFD323F97}.Debug|x86.Build.0 = Debug|Any CPU
		{45E73D79-4DD2-4203-83BC-09EEFD323F97}.Release|Any CPU.ActiveCfg = Release|Any CPU
		{45E73D79-4DD2-4203-83BC-09EEFD323F97}.Release|Any CPU.Build.0 = Release|Any CPU
		{45E73D79-4DD2-4203-83BC-09EEFD323F97}.Release|x64.ActiveCfg = Release|Any CPU
		{45E73D79-4DD2-4203-83BC-09EEFD323F97}.Release|x64.Build.0 = Release|Any CPU
		{45E73D79-4DD2-4203-83BC-09EEFD323F97}.Release|x86.ActiveCfg = Release|Any CPU
		{45E73D79-4DD2-4203-83BC-09EEFD323F97}.Release|x86.Build.0 = Release|Any CPU
		{EE9A35CC-9CB1-47BE-975E-982EB9A086DB}.Debug|Any CPU.ActiveCfg = Debug|Any CPU
		{EE9A35CC-9CB1-47BE-975E-982EB9A086DB}.Debug|Any CPU.Build.0 = Debug|Any CPU
		{EE9A35CC-9CB1-47BE-975E-982EB9A086DB}.Debug|x64.ActiveCfg = Debug|Any CPU
		{EE9A35CC-9CB1-47BE-975E-982EB9A086DB}.Debug|x64.Build.0 = Debug|Any CPU
		{EE9A35CC-9CB1-47BE-975E-982EB9A086DB}.Debug|x86.ActiveCfg = Debug|Any CPU
		{EE9A35CC-9CB1-47BE-975E-982EB9A086DB}.Debug|x86.Build.0 = Debug|Any CPU
		{EE9A35CC-9CB1-47BE-975E-982EB9A086DB}.Release|Any CPU.ActiveCfg = Release|Any CPU
		{EE9A35CC-9CB1-47BE-975E-982EB9A086DB}.Release|Any CPU.Build.0 = Release|Any CPU
		{EE9A35CC-9CB1-47BE-975E-982EB9A086DB}.Release|x64.ActiveCfg = Release|Any CPU
		{EE9A35CC-9CB1-47BE-975E-982EB9A086DB}.Release|x64.Build.0 = Release|Any CPU
		{EE9A35CC-9CB1-47BE-975E-982EB9A086DB}.Release|x86.ActiveCfg = Release|Any CPU
		{EE9A35CC-9CB1-47BE-975E-982EB9A086DB}.Release|x86.Build.0 = Release|Any CPU
		{B85B72BD-5AAE-452F-B384-6C70BC5E4C49}.Debug|Any CPU.ActiveCfg = Debug|Any CPU
		{B85B72BD-5AAE-452F-B384-6C70BC5E4C49}.Debug|Any CPU.Build.0 = Debug|Any CPU
		{B85B72BD-5AAE-452F-B384-6C70BC5E4C49}.Debug|x64.ActiveCfg = Debug|Any CPU
		{B85B72BD-5AAE-452F-B384-6C70BC5E4C49}.Debug|x64.Build.0 = Debug|Any CPU
		{B85B72BD-5AAE-452F-B384-6C70BC5E4C49}.Debug|x86.ActiveCfg = Debug|Any CPU
		{B85B72BD-5AAE-452F-B384-6C70BC5E4C49}.Debug|x86.Build.0 = Debug|Any CPU
		{B85B72BD-5AAE-452F-B384-6C70BC5E4C49}.Release|Any CPU.ActiveCfg = Release|Any CPU
		{B85B72BD-5AAE-452F-B384-6C70BC5E4C49}.Release|Any CPU.Build.0 = Release|Any CPU
		{B85B72BD-5AAE-452F-B384-6C70BC5E4C49}.Release|x64.ActiveCfg = Release|Any CPU
		{B85B72BD-5AAE-452F-B384-6C70BC5E4C49}.Release|x64.Build.0 = Release|Any CPU
		{B85B72BD-5AAE-452F-B384-6C70BC5E4C49}.Release|x86.ActiveCfg = Release|Any CPU
		{B85B72BD-5AAE-452F-B384-6C70BC5E4C49}.Release|x86.Build.0 = Release|Any CPU
	EndGlobalSection
	GlobalSection(SolutionProperties) = preSolution
		HideSolutionNode = FALSE
	EndGlobalSection
	GlobalSection(NestedProjects) = preSolution
		{1571515C-8678-457F-9BB7-CBA4CCA967E3} = {81631840-D3DF-4FA1-B88D-87BB1B4B6B4D}
		{128DB046-5E99-4246-8F0C-3437FB67CDA7} = {81631840-D3DF-4FA1-B88D-87BB1B4B6B4D}
		{E948E950-3195-4228-8D71-A30A37F7AAAD} = {81631840-D3DF-4FA1-B88D-87BB1B4B6B4D}
		{5DD5F3AB-9DEB-4487-82E8-2DDB9B9CB9DC} = {1571515C-8678-457F-9BB7-CBA4CCA967E3}
		{F7BE3183-C1C3-4FFE-92AA-3E719758A37A} = {128DB046-5E99-4246-8F0C-3437FB67CDA7}
		{F9FBB62F-2900-4BAF-BC8B-7A337E7A742C} = {128DB046-5E99-4246-8F0C-3437FB67CDA7}
		{7A38D1B0-BF7A-4AA6-A02B-915B1A58924E} = {128DB046-5E99-4246-8F0C-3437FB67CDA7}
		{45E73D79-4DD2-4203-83BC-09EEFD323F97} = {E948E950-3195-4228-8D71-A30A37F7AAAD}
		{EE9A35CC-9CB1-47BE-975E-982EB9A086DB} = {1571515C-8678-457F-9BB7-CBA4CCA967E3}
	EndGlobalSection
EndGlobal
